<?xml version="1.0" encoding="utf-8"?>
<Project ToolsVersion="4.0" xmlns="http://schemas.microsoft.com/developer/msbuild/2003">
  <ItemGroup>
    <Filter Include="源文件">
      <UniqueIdentifier>{4FC737F1-C7A5-4376-A066-2A32D752A2FF}</UniqueIdentifier>
      <Extensions>cpp;c;cc;cxx;c++;cppm;ixx;def;odl;idl;hpj;bat;asm;asmx</Extensions>
    </Filter>
    <Filter Include="头文件">
      <UniqueIdentifier>{93995380-89BD-4b04-88EB-625FBE52EBFB}</UniqueIdentifier>
      <Extensions>h;hh;hpp;hxx;h++;hm;inl;inc;ipp;xsd</Extensions>
    </Filter>
    <Filter Include="资源文件">
      <UniqueIdentifier>{67DA6AB6-F800-4c08-8B7A-83BB121AAD01}</UniqueIdentifier>
      <Extensions>rc;ico;cur;bmp;dlg;rc2;rct;bin;rgs;gif;jpg;jpeg;jpe;resx;tiff;tif;png;wav;mfcribbon-ms</Extensions>
    </Filter>
  </ItemGroup>
  <ItemGroup>
    <ClCompile Include="smali2cpp20.cpp">
      <Filter>源文件</Filter>
    </ClCompile>
    <ClCompile Include="CMultiWorkThread.cpp">
      <Filter>源文件</Filter>
    </ClCompile>
    <ClCompile Include="CodeDumper.cpp">
      <Filter>源文件</Filter>
    </ClCompile>
    <ClCompile Include="CSmaliClass.cpp">
      <Filter>源文件</Filter>
    </ClCompile>
    <ClCompile Include="CVar.cpp">
      <Filter>源文件</Filter>
    </ClCompile>
    <ClCompile Include="RegexString.cpp">
      <Filter>源文件</Filter>
    </ClCompile>
    <ClCompile Include="SmaliCodeCache.cpp">
      <Filter>源文件</Filter>
    </ClCompile>
    <ClCompile Include="SmaliCodeline.cpp">
      <Filter>源文件</Filter>
    </ClCompile>
    <ClCompile Include="SmaliField.cpp">
      <Filter>源文件</Filter>
    </ClCompile>
    <ClCompile Include="SmaliMethod.cpp">
      <Filter>源文件</Filter>
    </ClCompile>
    <ClCompile Include="SmaliRegister.cpp">
      <Filter>源文件</Filter>
    </ClCompile>
    <ClCompile Include="SmaliType.cpp">
      <Filter>源文件</Filter>
    </ClCompile>
    <ClCompile Include="SyntaxNode.cpp">
      <Filter>源文件</Filter>
    </ClCompile>
    <ClCompile Include="CTypeDefine.cpp">
      <Filter>源文件</Filter>
    </ClCompile>
  </ItemGroup>
  <ItemGroup>
    <ClInclude Include="BaseAssert.h">
      <Filter>头文件</Filter>
    </ClInclude>
    <ClInclude Include="BaseObject.h">
      <Filter>头文件</Filter>
    </ClInclude>
    <ClInclude Include="BaseThread.h">
      <Filter>头文件</Filter>
    </ClInclude>
    <ClInclude Include="CMultiWorkThread.h">
      <Filter>头文件</Filter>
    </ClInclude>
    <ClInclude Include="CodeDumper.h">
      <Filter>头文件</Filter>
    </ClInclude>
    <ClInclude Include="config.hpp">
      <Filter>头文件</Filter>
    </ClInclude>
    <ClInclude Include="CVar.h">
      <Filter>头文件</Filter>
    </ClInclude>
    <ClInclude Include="DrawGraph.h">
      <Filter>头文件</Filter>
    </ClInclude>
    <ClInclude Include="instructionhelper.h">
      <Filter>头文件</Filter>
    </ClInclude>
    <ClInclude Include="regexString.h">
      <Filter>头文件</Filter>
    </ClInclude>
    <ClInclude Include="SmaliClass.h">
      <Filter>头文件</Filter>
    </ClInclude>
    <ClInclude Include="SmaliCodeCache.h">
      <Filter>头文件</Filter>
    </ClInclude>
    <ClInclude Include="SmaliCodeline.h">
      <Filter>头文件</Filter>
    </ClInclude>
    <ClInclude Include="SmaliField.h">
      <Filter>头文件</Filter>
    </ClInclude>
    <ClInclude Include="SmaliImportSaver.h">
      <Filter>头文件</Filter>
    </ClInclude>
    <ClInclude Include="SmaliMethod.h">
      <Filter>头文件</Filter>
    </ClInclude>
    <ClInclude Include="SmaliRegister.h">
      <Filter>头文件</Filter>
    </ClInclude>
    <ClInclude Include="SmaliType.h">
      <Filter>头文件</Filter>
    </ClInclude>
    <ClInclude Include="stringhelper.h">
      <Filter>头文件</Filter>
    </ClInclude>
    <ClInclude Include="SyntaxNode.h">
      <Filter>头文件</Filter>
    </ClInclude>
    <ClInclude Include="TestAnnotationSignature.h">
      <Filter>头文件</Filter>
    </ClInclude>
    <ClInclude Include="CTypeDefine.h">
      <Filter>头文件</Filter>
    </ClInclude>
  </ItemGroup>
</Project>